
Microsoft Visual Studio Solution File, Format Version 12.00
# Visual Studio Version 17
VisualStudioVersion = 17.2.32602.215
MinimumVisualStudioVersion = 10.0.40219.1
Project("{FAE04EC0-301F-11D3-BF4B-00C04F79EFBC}") = "SDLauncher UWP", "SDLauncher UWP\SDLauncher UWP.csproj", "{8EAE5A30-3D30-4D17-B6DD-0F01D6880587}"
EndProject
Project("{C7167F0D-BC9F-4E6E-AFE1-012C56B48DB5}") = "Package", "Package\Package.wapproj", "{817AAF28-3E88-4E8F-99C6-EE0C0B66C013}"
EndProject
Project("{9A19103F-16F7-4668-BE54-9A1E7A4F7556}") = "ClientHandler", "ClientHandler\ClientHandler.csproj", "{B7DA8EEE-E5E3-4A2A-B119-3787280A1DDC}"
EndProject
Project("{9A19103F-16F7-4668-BE54-9A1E7A4F7556}") = "SDLauncher.Core", "SDLauncher.Core\SDLauncher.Core.csproj", "{90389A34-9F42-4489-871A-DC726D74854D}"
EndProject
Global
	GlobalSection(SolutionConfigurationPlatforms) = preSolution
		Debug|Any CPU = Debug|Any CPU
		Debug|ARM = Debug|ARM
		Debug|ARM64 = Debug|ARM64
		Debug|x64 = Debug|x64
		Debug|x86 = Debug|x86
		Release|Any CPU = Release|Any CPU
		Release|ARM = Release|ARM
		Release|ARM64 = Release|ARM64
		Release|x64 = Release|x64
		Release|x86 = Release|x86
	EndGlobalSection
	GlobalSection(ProjectConfigurationPlatforms) = postSolution
		{8EAE5A30-3D30-4D17-B6DD-0F01D6880587}.Debug|Any CPU.ActiveCfg = Debug|x86
		{8EAE5A30-3D30-4D17-B6DD-0F01D6880587}.Debug|ARM.ActiveCfg = Debug|ARM
		{8EAE5A30-3D30-4D17-B6DD-0F01D6880587}.Debug|ARM.Build.0 = Debug|ARM
		{8EAE5A30-3D30-4D17-B6DD-0F01D6880587}.Debug|ARM.Deploy.0 = Debug|ARM
		{8EAE5A30-3D30-4D17-B6DD-0F01D6880587}.Debug|ARM64.ActiveCfg = Debug|ARM64
		{8EAE5A30-3D30-4D17-B6DD-0F01D6880587}.Debug|ARM64.Build.0 = Debug|ARM64
		{8EAE5A30-3D30-4D17-B6DD-0F01D6880587}.Debug|ARM64.Deploy.0 = Debug|ARM64
		{8EAE5A30-3D30-4D17-B6DD-0F01D6880587}.Debug|x64.ActiveCfg = Debug|x64
		{8EAE5A30-3D30-4D17-B6DD-0F01D6880587}.Debug|x64.Build.0 = Debug|x64
		{8EAE5A30-3D30-4D17-B6DD-0F01D6880587}.Debug|x64.Deploy.0 = Debug|x64
		{8EAE5A30-3D30-4D17-B6DD-0F01D6880587}.Debug|x86.ActiveCfg = Debug|x86
		{8EAE5A30-3D30-4D17-B6DD-0F01D6880587}.Debug|x86.Build.0 = Debug|x86
		{8EAE5A30-3D30-4D17-B6DD-0F01D6880587}.Debug|x86.Deploy.0 = Debug|x86
		{8EAE5A30-3D30-4D17-B6DD-0F01D6880587}.Release|Any CPU.ActiveCfg = Release|x86
		{8EAE5A30-3D30-4D17-B6DD-0F01D6880587}.Release|ARM.ActiveCfg = Release|ARM
		{8EAE5A30-3D30-4D17-B6DD-0F01D6880587}.Release|ARM.Build.0 = Release|ARM
		{8EAE5A30-3D30-4D17-B6DD-0F01D6880587}.Release|ARM.Deploy.0 = Release|ARM
		{8EAE5A30-3D30-4D17-B6DD-0F01D6880587}.Release|ARM64.ActiveCfg = Release|ARM64
		{8EAE5A30-3D30-4D17-B6DD-0F01D6880587}.Release|ARM64.Build.0 = Release|ARM64
		{8EAE5A30-3D30-4D17-B6DD-0F01D6880587}.Release|ARM64.Deploy.0 = Release|ARM64
		{8EAE5A30-3D30-4D17-B6DD-0F01D6880587}.Release|x64.ActiveCfg = Release|x64
		{8EAE5A30-3D30-4D17-B6DD-0F01D6880587}.Release|x64.Build.0 = Release|x64
		{8EAE5A30-3D30-4D17-B6DD-0F01D6880587}.Release|x64.Deploy.0 = Release|x64
		{8EAE5A30-3D30-4D17-B6DD-0F01D6880587}.Release|x86.ActiveCfg = Release|x86
		{8EAE5A30-3D30-4D17-B6DD-0F01D6880587}.Release|x86.Build.0 = Release|x86
		{8EAE5A30-3D30-4D17-B6DD-0F01D6880587}.Release|x86.Deploy.0 = Release|x86
		{817AAF28-3E88-4E8F-99C6-EE0C0B66C013}.Debug|Any CPU.ActiveCfg = Debug|Any CPU
		{817AAF28-3E88-4E8F-99C6-EE0C0B66C013}.Debug|Any CPU.Build.0 = Debug|Any CPU
		{817AAF28-3E88-4E8F-99C6-EE0C0B66C013}.Debug|Any CPU.Deploy.0 = Debug|Any CPU
		{817AAF28-3E88-4E8F-99C6-EE0C0B66C013}.Debug|ARM.ActiveCfg = Debug|ARM
		{817AAF28-3E88-4E8F-99C6-EE0C0B66C013}.Debug|ARM.Build.0 = Debug|ARM
		{817AAF28-3E88-4E8F-99C6-EE0C0B66C013}.Debug|ARM.Deploy.0 = Debug|ARM
		{817AAF28-3E88-4E8F-99C6-EE0C0B66C013}.Debug|ARM64.ActiveCfg = Debug|ARM64
		{817AAF28-3E88-4E8F-99C6-EE0C0B66C013}.Debug|ARM64.Build.0 = Debug|ARM64
		{817AAF28-3E88-4E8F-99C6-EE0C0B66C013}.Debug|ARM64.Deploy.0 = Debug|ARM64
		{817AAF28-3E88-4E8F-99C6-EE0C0B66C013}.Debug|x64.ActiveCfg = Debug|x64
		{817AAF28-3E88-4E8F-99C6-EE0C0B66C013}.Debug|x64.Build.0 = Debug|x64
		{817AAF28-3E88-4E8F-99C6-EE0C0B66C013}.Debug|x64.Deploy.0 = Debug|x64
		{817AAF28-3E88-4E8F-99C6-EE0C0B66C013}.Debug|x86.ActiveCfg = Debug|x86
		{817AAF28-3E88-4E8F-99C6-EE0C0B66C013}.Debug|x86.Build.0 = Debug|x86
		{817AAF28-3E88-4E8F-99C6-EE0C0B66C013}.Debug|x86.Deploy.0 = Debug|x86
		{817AAF28-3E88-4E8F-99C6-EE0C0B66C013}.Release|Any CPU.ActiveCfg = Release|Any CPU
		{817AAF28-3E88-4E8F-99C6-EE0C0B66C013}.Release|Any CPU.Build.0 = Release|Any CPU
		{817AAF28-3E88-4E8F-99C6-EE0C0B66C013}.Release|Any CPU.Deploy.0 = Release|Any CPU
		{817AAF28-3E88-4E8F-99C6-EE0C0B66C013}.Release|ARM.ActiveCfg = Release|ARM
		{817AAF28-3E88-4E8F-99C6-EE0C0B66C013}.Release|ARM.Build.0 = Release|ARM
		{817AAF28-3E88-4E8F-99C6-EE0C0B66C013}.Release|ARM.Deploy.0 = Release|ARM
		{817AAF28-3E88-4E8F-99C6-EE0C0B66C013}.Release|ARM64.ActiveCfg = Release|ARM64
		{817AAF28-3E88-4E8F-99C6-EE0C0B66C013}.Release|ARM64.Build.0 = Release|ARM64
		{817AAF28-3E88-4E8F-99C6-EE0C0B66C013}.Release|ARM64.Deploy.0 = Release|ARM64
		{817AAF28-3E88-4E8F-99C6-EE0C0B66C013}.Release|x64.ActiveCfg = Release|x64
		{817AAF28-3E88-4E8F-99C6-EE0C0B66C013}.Release|x64.Build.0 = Release|x64
		{817AAF28-3E88-4E8F-99C6-EE0C0B66C013}.Release|x64.Deploy.0 = Release|x64
		{817AAF28-3E88-4E8F-99C6-EE0C0B66C013}.Release|x86.ActiveCfg = Release|x86
		{817AAF28-3E88-4E8F-99C6-EE0C0B66C013}.Release|x86.Build.0 = Release|x86
		{817AAF28-3E88-4E8F-99C6-EE0C0B66C013}.Release|x86.Deploy.0 = Release|x86
		{B7DA8EEE-E5E3-4A2A-B119-3787280A1DDC}.Debug|Any CPU.ActiveCfg = Debug|Any CPU
		{B7DA8EEE-E5E3-4A2A-B119-3787280A1DDC}.Debug|Any CPU.Build.0 = Debug|Any CPU
		{B7DA8EEE-E5E3-4A2A-B119-3787280A1DDC}.Debug|ARM.ActiveCfg = Debug|Any CPU
		{B7DA8EEE-E5E3-4A2A-B119-3787280A1DDC}.Debug|ARM.Build.0 = Debug|Any CPU
		{B7DA8EEE-E5E3-4A2A-B119-3787280A1DDC}.Debug|ARM64.ActiveCfg = Debug|Any CPU
		{B7DA8EEE-E5E3-4A2A-B119-3787280A1DDC}.Debug|ARM64.Build.0 = Debug|Any CPU
		{B7DA8EEE-E5E3-4A2A-B119-3787280A1DDC}.Debug|x64.ActiveCfg = Debug|Any CPU
		{B7DA8EEE-E5E3-4A2A-B119-3787280A1DDC}.Debug|x64.Build.0 = Debug|Any CPU
		{B7DA8EEE-E5E3-4A2A-B119-3787280A1DDC}.Debug|x86.ActiveCfg = Debug|Any CPU
		{B7DA8EEE-E5E3-4A2A-B119-3787280A1DDC}.Debug|x86.Build.0 = Debug|Any CPU
		{B7DA8EEE-E5E3-4A2A-B119-3787280A1DDC}.Release|Any CPU.ActiveCfg = Release|Any CPU
		{B7DA8EEE-E5E3-4A2A-B119-3787280A1DDC}.Release|Any CPU.Build.0 = Release|Any CPU
		{B7DA8EEE-E5E3-4A2A-B119-3787280A1DDC}.Release|ARM.ActiveCfg = Release|Any CPU
		{B7DA8EEE-E5E3-4A2A-B119-3787280A1DDC}.Release|ARM.Build.0 = Release|Any CPU
		{B7DA8EEE-E5E3-4A2A-B119-3787280A1DDC}.Release|ARM64.ActiveCfg = Release|Any CPU
		{B7DA8EEE-E5E3-4A2A-B119-3787280A1DDC}.Release|ARM64.Build.0 = Release|Any CPU
		{B7DA8EEE-E5E3-4A2A-B119-3787280A1DDC}.Release|x64.ActiveCfg = Release|Any CPU
		{B7DA8EEE-E5E3-4A2A-B119-3787280A1DDC}.Release|x64.Build.0 = Release|Any CPU
		{B7DA8EEE-E5E3-4A2A-B119-3787280A1DDC}.Release|x86.ActiveCfg = Release|Any CPU
		{B7DA8EEE-E5E3-4A2A-B119-3787280A1DDC}.Release|x86.Build.0 = Release|Any CPU
		{90389A34-9F42-4489-871A-DC726D74854D}.Debug|Any CPU.ActiveCfg = Debug|Any CPU
		{90389A34-9F42-4489-871A-DC726D74854D}.Debug|Any CPU.Build.0 = Debug|Any CPU
		{90389A34-9F42-4489-871A-DC726D74854D}.Debug|ARM.ActiveCfg = Debug|Any CPU
		{90389A34-9F42-4489-871A-DC726D74854D}.Debug|ARM.Build.0 = Debug|Any CPU
		{90389A34-9F42-4489-871A-DC726D74854D}.Debug|ARM64.ActiveCfg = Debug|Any CPU
		{90389A34-9F42-4489-871A-DC726D74854D}.Debug|ARM64.Build.0 = Debug|Any CPU
		{90389A34-9F42-4489-871A-DC726D74854D}.Debug|x64.ActiveCfg = Debug|Any CPU
		{90389A34-9F42-4489-871A-DC726D74854D}.Debug|x64.Build.0 = Debug|Any CPU
		{90389A34-9F42-4489-871A-DC726D74854D}.Debug|x86.ActiveCfg = Debug|Any CPU
		{90389A34-9F42-4489-871A-DC726D74854D}.Debug|x86.Build.0 = Debug|Any CPU
		{90389A34-9F42-4489-871A-DC726D74854D}.Release|Any CPU.ActiveCfg = Release|Any CPU
		{90389A34-9F42-4489-871A-DC726D74854D}.Release|Any CPU.Build.0 = Release|Any CPU
		{90389A34-9F42-4489-871A-DC726D74854D}.Release|ARM.ActiveCfg = Release|Any CPU
		{90389A34-9F42-4489-871A-DC726D74854D}.Release|ARM.Build.0 = Release|Any CPU
		{90389A34-9F42-4489-871A-DC726D74854D}.Release|ARM64.ActiveCfg = Release|Any CPU
		{90389A34-9F42-4489-871A-DC726D74854D}.Release|ARM64.Build.0 = Release|Any CPU
		{90389A34-9F42-4489-871A-DC726D74854D}.Release|x64.ActiveCfg = Release|Any CPU
		{90389A34-9F42-4489-871A-DC726D74854D}.Release|x64.Build.0 = Release|Any CPU
		{90389A34-9F42-4489-871A-DC726D74854D}.Release|x86.ActiveCfg = Release|Any CPU
		{90389A34-9F42-4489-871A-DC726D74854D}.Release|x86.Build.0 = Release|Any CPU
	EndGlobalSection
	GlobalSection(SolutionProperties) = preSolution
		HideSolutionNode = FALSE
	EndGlobalSection
	GlobalSection(ExtensibilityGlobals) = postSolution
		SolutionGuid = {4830E5AF-9C61-4A32-B34F-82CF4072248B}
	EndGlobalSection
EndGlobal
